{
    "_readme": [
        "This file locks the dependencies of your project to a known state",
        "Read more about it at https://getcomposer.org/doc/01-basic-usage.md#composer-lock-the-lock-file",
        "This file is @generated automatically"
    ],
    "hash": "33dcf068af205ea1682e6793a80af5a3",
    "content-hash": "f9c1672f6d83bc38fdac2fab54249b9a",
    "packages": [
        {
            "name": "darya/framework",
            "version": "v0.5.0",
            "source": {
                "type": "git",
                "url": "https://github.com/darya/framework.git",
                "reference": "480b815d2b36660f25d877206aef5948148ea32e"
            },
            "dist": {
                "type": "zip",
                "url": "https://api.github.com/repos/darya/framework/zipball/480b815d2b36660f25d877206aef5948148ea32e",
                "reference": "480b815d2b36660f25d877206aef5948148ea32e",
                "shasum": ""
            },
            "require": {
                "php": ">=5.4"
            },
            "require-dev": {
                "phpunit/phpunit": "4.3.*"
            },
            "type": "library",
            "extra": {
                "branch-alias": {
                    "dev-master": "0.5-dev"
                }
            },
            "autoload": {
                "psr-0": {
                    "Darya": "src/"
                }
            },
            "notification-url": "https://packagist.org/downloads/",
            "license": [
                "MIT"
            ],
            "authors": [
                {
                    "name": "Chris Andrew",
                    "email": "chris@hexus.io",
                    "homepage": "http://hexus.io",
                    "role": "Developer"
                }
            ],
            "description": "Web application framework",
            "keywords": [
                "darya",
                "framework",
                "library",
                "mvc"
            ],
            "time": "2016-02-18 23:18:13"
        },
        {
            "name": "darya/smarty",
            "version": "dev-master",
            "source": {
                "type": "git",
                "url": "https://github.com/darya/smarty.git",
                "reference": "55b1754403689d64db0914a4a1c65f355a9e820f"
            },
            "dist": {
                "type": "zip",
                "url": "https://api.github.com/repos/darya/smarty/zipball/55b1754403689d64db0914a4a1c65f355a9e820f",
                "reference": "55b1754403689d64db0914a4a1c65f355a9e820f",
                "shasum": ""
            },
            "require": {
                "php": ">=5.4",
                "smarty/smarty": "3.1.28"
            },
            "type": "library",
            "autoload": {
                "psr-4": {
                    "Darya\\Smarty\\": "src/"
                }
            },
            "notification-url": "https://packagist.org/downloads/",
            "license": [
                "MIT"
            ],
            "authors": [
                {
                    "name": "Chris Andrew",
                    "email": "chris@hexus.io",
                    "homepage": "http://hexus.io",
                    "role": "Developer"
                }
            ],
            "description": "Smarty templating adapter for the Darya framework",
            "keywords": [
                "darya",
                "framework",
                "library",
                "smarty",
                "template",
                "templating"
            ],
            "time": "2016-01-30 12:01:39"
        },
        {
            "name": "smarty/smarty",
            "version": "v3.1.28",
            "source": {
                "type": "git",
                "url": "https://github.com/smarty-php/smarty.git",
                "reference": "d234f79203ca236093989c579c824a1a882d1153"
            },
            "dist": {
                "type": "zip",
                "url": "https://api.github.com/repos/smarty-php/smarty/zipball/d234f79203ca236093989c579c824a1a882d1153",
                "reference": "d234f79203ca236093989c579c824a1a882d1153",
                "shasum": ""
            },
            "require": {
                "php": ">=5.2"
            },
            "type": "library",
            "extra": {
                "branch-alias": {
                    "dev-master": "3.1.x-dev"
                }
            },
            "autoload": {
                "classmap": [
                    "libs/Smarty.class.php",
                    "libs/SmartyBC.class.php",
                    "libs/sysplugins/"
                ]
            },
            "notification-url": "https://packagist.org/downloads/",
            "license": [
                "LGPL-3.0"
            ],
            "authors": [
                {
                    "name": "Monte Ohrt",
                    "email": "monte@ohrt.com"
                },
                {
                    "name": "Uwe Tews",
                    "email": "uwe.tews@googlemail.com"
                },
                {
                    "name": "Rodney Rehm",
                    "email": "rodney.rehm@medialize.de"
                }
            ],
            "description": "Smarty - the compiling PHP template engine",
            "homepage": "http://www.smarty.net",
            "keywords": [
                "templating"
            ],
            "time": "2015-12-13 14:19:58"
        }
    ],
    "packages-dev": [
        {
            "name": "ccampbell/chromephp",
            "version": "4.1.0",
            "source": {
                "type": "git",
                "url": "https://github.com/ccampbell/chromephp.git",
                "reference": "c3c297615d48ae5b2a86a82311152d1ed095fcef"
            },
            "dist": {
                "type": "zip",
                "url": "https://api.github.com/repos/ccampbell/chromephp/zipball/c3c297615d48ae5b2a86a82311152d1ed095fcef",
                "reference": "c3c297615d48ae5b2a86a82311152d1ed095fcef",
                "shasum": ""
            },
            "require": {
                "php": ">=5.0.0"
            },
            "type": "library",
            "autoload": {
                "psr-0": {
                    "ChromePhp": ""
                }
            },
            "notification-url": "https://packagist.org/downloads/",
            "license": [
                "Apache-2.0"
            ],
            "authors": [
                {
                    "name": "Craig Campbell",
                    "email": "iamcraigcampbell@gmail.com",
                    "homepage": "http://craig.is",
                    "role": "Developer"
                }
            ],
            "description": "Log variables to the Chrome console (via Chrome Logger Google Chrome extension).",
            "homepage": "http://github.com/ccampbell/chromephp",
            "keywords": [
                "log",
                "logging"
            ],
            "time": "2013-06-26 03:44:33"
        }
    ],
    "aliases": [],
    "minimum-stability": "stable",
    "stability-flags": {
        "darya/smarty": 20
    },
    "prefer-stable": false,
    "prefer-lowest": false,
    "platform": {
        "php": ">=5.5"
    },
    "platform-dev": []
}
